
Microsoft Visual Studio Solution File, Format Version 12.00
# Visual Studio Version 17
VisualStudioVersion = 17.2.32526.322
MinimumVisualStudioVersion = 10.0.40219.1
Project("{9A19103F-16F7-4668-BE54-9A1E7A4F7556}") = "AuthProvider", "AuthProvider\AuthProvider.csproj", "{C7FB0219-610D-4392-9BEF-5A78395EE484}"
EndProject
Project("{FAE04EC0-301F-11D3-BF4B-00C04F79EFBC}") = "Client.MVC", "Client.MVC\Client.MVC.csproj", "{DB5C5224-BBD5-41B7-A655-EB9C8A8606B0}"
EndProject
Global
	GlobalSection(SolutionConfigurationPlatforms) = preSolution
		Debug|Any CPU = Debug|Any CPU
		Release|Any CPU = Release|Any CPU
	EndGlobalSection
	GlobalSection(ProjectConfigurationPlatforms) = postSolution
		{C7FB0219-610D-4392-9BEF-5A78395EE484}.Debug|Any CPU.ActiveCfg = Debug|Any CPU
		{C7FB0219-610D-4392-9BEF-5A78395EE484}.Debug|Any CPU.Build.0 = Debug|Any CPU
		{C7FB0219-610D-4392-9BEF-5A78395EE484}.Release|Any CPU.ActiveCfg = Release|Any CPU
		{C7FB0219-610D-4392-9BEF-5A78395EE484}.Release|Any CPU.Build.0 = Release|Any CPU
		{DB5C5224-BBD5-41B7-A655-EB9C8A8606B0}.Debug|Any CPU.ActiveCfg = Debug|Any CPU
		{DB5C5224-BBD5-41B7-A655-EB9C8A8606B0}.Debug|Any CPU.Build.0 = Debug|Any CPU
		{DB5C5224-BBD5-41B7-A655-EB9C8A8606B0}.Release|Any CPU.ActiveCfg = Release|Any CPU
		{DB5C5224-BBD5-41B7-A655-EB9C8A8606B0}.Release|Any CPU.Build.0 = Release|Any CPU
	EndGlobalSection
	GlobalSection(SolutionProperties) = preSolution
		HideSolutionNode = FALSE
	EndGlobalSection
	GlobalSection(ExtensibilityGlobals) = postSolution
		SolutionGuid = {85EDFABB-CF34-4950-8000-4051468E9848}
	EndGlobalSection
EndGlobal
